<?xml version="1.0" encoding="utf-8"?>
<Project ToolsVersion="4.0" xmlns="http://schemas.microsoft.com/developer/msbuild/2003">
  <ItemGroup>
    <Filter Include="Source Files">
      <UniqueIdentifier>{4FC737F1-C7A5-4376-A066-2A32D752A2FF}</UniqueIdentifier>
      <Extensions>cpp;c;cc;cxx;def;odl;idl;hpj;bat;asm;asmx</Extensions>
    </Filter>
    <Filter Include="Header Files">
      <UniqueIdentifier>{93995380-89BD-4b04-88EB-625FBE52EBFB}</UniqueIdentifier>
      <Extensions>h;hpp;hxx;hm;inl;inc;xsd</Extensions>
    </Filter>
    <Filter Include="Resource Files">
      <UniqueIdentifier>{67DA6AB6-F800-4c08-8B7A-83BB121AAD01}</UniqueIdentifier>
      <Extensions>rc;ico;cur;bmp;dlg;rc2;rct;bin;rgs;gif;jpg;jpeg;jpe;resx;tiff;tif;png;wav;mfcribbon-ms</Extensions>
    </Filter>
    <Filter Include="Source Files\json">
      <UniqueIdentifier>{c569b824-fcd5-47e1-99f0-e3a5103cc095}</UniqueIdentifier>
    </Filter>
    <Filter Include="Source Files\zlib">
      <UniqueIdentifier>{2ab4e7cc-b54b-4586-a1dc-165f8b6208ce}</UniqueIdentifier>
    </Filter>
    <Filter Include="Header Files\zlib">
      <UniqueIdentifier>{0a08edb0-b40e-4784-b0c6-18b2ab1893f1}</UniqueIdentifier>
    </Filter>
    <Filter Include="Source Files\frozen">
      <UniqueIdentifier>{4f7df457-58ba-4559-a3a5-4990a66ba51a}</UniqueIdentifier>
    </Filter>
  </ItemGroup>
  <ItemGroup>
    <ClCompile Include="mongoose-flylinkdc.cpp">
      <Filter>Source Files</Filter>
    </ClCompile>
    <ClCompile Include="mongoose.c">
      <Filter>Source Files</Filter>
    </ClCompile>
    <ClCompile Include="sqlite\sqlite3.c">
      <Filter>Source Files</Filter>
    </ClCompile>
    <ClCompile Include="sqlite\sqlite3x_command.cpp">
      <Filter>Source Files</Filter>
    </ClCompile>
    <ClCompile Include="sqlite\sqlite3x_connection.cpp">
      <Filter>Source Files</Filter>
    </ClCompile>
    <ClCompile Include="sqlite\sqlite3x_reader.cpp">
      <Filter>Source Files</Filter>
    </ClCompile>
    <ClCompile Include="sqlite\sqlite3x_transaction.cpp">
      <Filter>Source Files</Filter>
    </ClCompile>
    <ClCompile Include="CDBManager.cpp">
      <Filter>Source Files</Filter>
    </ClCompile>
    <ClCompile Include="jsoncpp\src\lib_json\json_reader.cpp">
      <Filter>Source Files\json</Filter>
    </ClCompile>
    <ClCompile Include="jsoncpp\src\lib_json\json_value.cpp">
      <Filter>Source Files\json</Filter>
    </ClCompile>
    <ClCompile Include="jsoncpp\src\lib_json\json_writer.cpp">
      <Filter>Source Files\json</Filter>
    </ClCompile>
    <ClCompile Include="zlib\adler32.c">
      <Filter>Source Files\zlib</Filter>
    </ClCompile>
    <ClCompile Include="zlib\compress.c">
      <Filter>Source Files\zlib</Filter>
    </ClCompile>
    <ClCompile Include="zlib\crc32.c">
      <Filter>Source Files\zlib</Filter>
    </ClCompile>
    <ClCompile Include="zlib\deflate.c">
      <Filter>Source Files\zlib</Filter>
    </ClCompile>
    <ClCompile Include="zlib\gzclose.c">
      <Filter>Source Files\zlib</Filter>
    </ClCompile>
    <ClCompile Include="zlib\gzlib.c">
      <Filter>Source Files\zlib</Filter>
    </ClCompile>
    <ClCompile Include="zlib\gzread.c">
      <Filter>Source Files\zlib</Filter>
    </ClCompile>
    <ClCompile Include="zlib\gzwrite.c">
      <Filter>Source Files\zlib</Filter>
    </ClCompile>
    <ClCompile Include="zlib\infback.c">
      <Filter>Source Files\zlib</Filter>
    </ClCompile>
    <ClCompile Include="zlib\inffast.c">
      <Filter>Source Files\zlib</Filter>
    </ClCompile>
    <ClCompile Include="zlib\inflate.c">
      <Filter>Source Files\zlib</Filter>
    </ClCompile>
    <ClCompile Include="zlib\inftrees.c">
      <Filter>Source Files\zlib</Filter>
    </ClCompile>
    <ClCompile Include="zlib\trees.c">
      <Filter>Source Files\zlib</Filter>
    </ClCompile>
    <ClCompile Include="zlib\uncompr.c">
      <Filter>Source Files\zlib</Filter>
    </ClCompile>
    <ClCompile Include="zlib\zutil.c">
      <Filter>Source Files\zlib</Filter>
    </ClCompile>
    <ClCompile Include="frozen\frozen.c">
      <Filter>Source Files\frozen</Filter>
    </ClCompile>
  </ItemGroup>
  <ItemGroup>
    <ClInclude Include="sqlite\sqlite_fly.h">
      <Filter>Header Files</Filter>
    </ClInclude>
    <ClInclude Include="sqlite\sqlite3.h">
      <Filter>Header Files</Filter>
    </ClInclude>
    <ClInclude Include="sqlite\sqlite3ext.h">
      <Filter>Header Files</Filter>
    </ClInclude>
    <ClInclude Include="sqlite\sqlite3x.hpp">
      <Filter>Header Files</Filter>
    </ClInclude>
    <ClInclude Include="CDBManager.h">
      <Filter>Header Files</Filter>
    </ClInclude>
    <ClInclude Include="Thread.h">
      <Filter>Header Files</Filter>
    </ClInclude>
    <ClInclude Include="jsoncpp\src\lib_json\json_batchallocator.h">
      <Filter>Source Files\json</Filter>
    </ClInclude>
    <ClInclude Include="jsoncpp\include\json\autolink.h">
      <Filter>Source Files\json</Filter>
    </ClInclude>
    <ClInclude Include="jsoncpp\include\json\config.h">
      <Filter>Source Files\json</Filter>
    </ClInclude>
    <ClInclude Include="jsoncpp\include\json\features.h">
      <Filter>Source Files\json</Filter>
    </ClInclude>
    <ClInclude Include="jsoncpp\include\json\forwards.h">
      <Filter>Source Files\json</Filter>
    </ClInclude>
    <ClInclude Include="jsoncpp\include\json\json.h">
      <Filter>Source Files\json</Filter>
    </ClInclude>
    <ClInclude Include="jsoncpp\include\json\reader.h">
      <Filter>Source Files\json</Filter>
    </ClInclude>
    <ClInclude Include="jsoncpp\include\json\value.h">
      <Filter>Source Files\json</Filter>
    </ClInclude>
    <ClInclude Include="jsoncpp\include\json\writer.h">
      <Filter>Source Files\json</Filter>
    </ClInclude>
    <ClInclude Include="mongoose.h">
      <Filter>Header Files</Filter>
    </ClInclude>
    <ClInclude Include="zlib\crc32.h">
      <Filter>Header Files\zlib</Filter>
    </ClInclude>
    <ClInclude Include="zlib\deflate.h">
      <Filter>Header Files\zlib</Filter>
    </ClInclude>
    <ClInclude Include="zlib\gzguts.h">
      <Filter>Header Files\zlib</Filter>
    </ClInclude>
    <ClInclude Include="zlib\inffast.h">
      <Filter>Header Files\zlib</Filter>
    </ClInclude>
    <ClInclude Include="zlib\inffixed.h">
      <Filter>Header Files\zlib</Filter>
    </ClInclude>
    <ClInclude Include="zlib\inflate.h">
      <Filter>Header Files\zlib</Filter>
    </ClInclude>
    <ClInclude Include="zlib\inftrees.h">
      <Filter>Header Files\zlib</Filter>
    </ClInclude>
    <ClInclude Include="zlib\trees.h">
      <Filter>Header Files\zlib</Filter>
    </ClInclude>
    <ClInclude Include="zlib\zconf.h">
      <Filter>Header Files\zlib</Filter>
    </ClInclude>
    <ClInclude Include="zlib\zlib.h">
      <Filter>Header Files\zlib</Filter>
    </ClInclude>
    <ClInclude Include="zlib\zutil.h">
      <Filter>Header Files\zlib</Filter>
    </ClInclude>
    <ClInclude Include="debug.h">
      <Filter>Header Files</Filter>
    </ClInclude>
    <ClInclude Include="frozen\frozen.h">
      <Filter>Source Files\frozen</Filter>
    </ClInclude>
  </ItemGroup>
  <ItemGroup>
    <None Include="jsoncpp\src\lib_json\json_internalarray.inl">
      <Filter>Source Files\json</Filter>
    </None>
    <None Include="jsoncpp\src\lib_json\json_internalmap.inl">
      <Filter>Source Files\json</Filter>
    </None>
    <None Include="jsoncpp\src\lib_json\json_valueiterator.inl">
      <Filter>Source Files\json</Filter>
    </None>
  </ItemGroup>
</Project>